// !$*UTF8*$!
{
	archiveVersion = 1;
	classes = {
	};
	objectVersion = 77;
	objects = {

/* Begin PBXBuildFile section */
		0055B785137EDB04F533089D /* NotificationsView.swift in Sources */ = {isa = PBXBuildFile; fileRef = 0AAF23E7472D21E56F42CFED /* NotificationsView.swift */; };
		12A524A8A2FE9CD4C81FC360 /* Models.swift in Sources */ = {isa = PBXBuildFile; fileRef = EF2D13AE7C229C6E1037568B /* Models.swift */; };
		1CD6D51B11F205EC509E7F0C /* DetailView.swift in Sources */ = {isa = PBXBuildFile; fileRef = 9CCF6AAEADDFDB417C02C652 /* DetailView.swift */; };
		21B32B3F05F00741ECA3F781 /* RootView.swift in Sources */ = {isa = PBXBuildFile; fileRef = 26EB767148F82649BF3A4002 /* RootView.swift */; };
		264CD7D30AC25030E8C81C17 /* MeView.swift in Sources */ = {isa = PBXBuildFile; fileRef = 1D6C308D4E9720E14A229A38 /* MeView.swift */; };
		4DB4826205B4D970A6D577E4 /* NearbyView.swift in Sources */ = {isa = PBXBuildFile; fileRef = E24DA9E263BF7D600C8732D4 /* NearbyView.swift */; };
		60511C43485CB3B6B3124900 /* MyMomentsView.swift in Sources */ = {isa = PBXBuildFile; fileRef = 5E0DFEB6ECCFAC9335A6800A /* MyMomentsView.swift */; };
		AE8B58007DEA74792D1F50E2 /* BottlesView.swift in Sources */ = {isa = PBXBuildFile; fileRef = BD14FC90FE17F463EA62E25E /* BottlesView.swift */; };
		B4FD061B8570AD0ABDC02EB6 /* CreateView.swift in Sources */ = {isa = PBXBuildFile; fileRef = 52E90E091F7F4466425C07DD /* CreateView.swift */; };
		E6D02370B134142B056402EF /* MomentPinApp.swift in Sources */ = {isa = PBXBuildFile; fileRef = E96AB567EEF36CE46FAAF340 /* MomentPinApp.swift */; };
/* End PBXBuildFile section */

/* Begin PBXFileReference section */
		0AAF23E7472D21E56F42CFED /* NotificationsView.swift */ = {isa = PBXFileReference; lastKnownFileType = sourcecode.swift; path = NotificationsView.swift; sourceTree = "<group>"; };
		1D6C308D4E9720E14A229A38 /* MeView.swift */ = {isa = PBXFileReference; lastKnownFileType = sourcecode.swift; path = MeView.swift; sourceTree = "<group>"; };
		26EB767148F82649BF3A4002 /* RootView.swift */ = {isa = PBXFileReference; lastKnownFileType = sourcecode.swift; path = RootView.swift; sourceTree = "<group>"; };
		52E90E091F7F4466425C07DD /* CreateView.swift */ = {isa = PBXFileReference; lastKnownFileType = sourcecode.swift; path = CreateView.swift; sourceTree = "<group>"; };
		5E0DFEB6ECCFAC9335A6800A /* MyMomentsView.swift */ = {isa = PBXFileReference; lastKnownFileType = sourcecode.swift; path = MyMomentsView.swift; sourceTree = "<group>"; };
		814CD9AB55C3DAE45563798A /* Info.plist */ = {isa = PBXFileReference; lastKnownFileType = text.plist; path = Info.plist; sourceTree = "<group>"; };
		9CCF6AAEADDFDB417C02C652 /* DetailView.swift */ = {isa = PBXFileReference; lastKnownFileType = sourcecode.swift; path = DetailView.swift; sourceTree = "<group>"; };
		AC420022E4DFA2FB5213C155 /* MomentPin.app */ = {isa = PBXFileReference; includeInIndex = 0; lastKnownFileType = wrapper.application; path = MomentPin.app; sourceTree = BUILT_PRODUCTS_DIR; };
		BD14FC90FE17F463EA62E25E /* BottlesView.swift */ = {isa = PBXFileReference; lastKnownFileType = sourcecode.swift; path = BottlesView.swift; sourceTree = "<group>"; };
		E24DA9E263BF7D600C8732D4 /* NearbyView.swift */ = {isa = PBXFileReference; lastKnownFileType = sourcecode.swift; path = NearbyView.swift; sourceTree = "<group>"; };
		E96AB567EEF36CE46FAAF340 /* MomentPinApp.swift */ = {isa = PBXFileReference; lastKnownFileType = sourcecode.swift; path = MomentPinApp.swift; sourceTree = "<group>"; };
		EF2D13AE7C229C6E1037568B /* Models.swift */ = {isa = PBXFileReference; lastKnownFileType = sourcecode.swift; path = Models.swift; sourceTree = "<group>"; };
/* End PBXFileReference section */

/* Begin PBXGroup section */
		9B2554570EBE1CDE12065318 /* Products */ = {
			isa = PBXGroup;
			children = (
				AC420022E4DFA2FB5213C155 /* MomentPin.app */,
			);
			name = Products;
			sourceTree = "<group>";
		};
		B268793957FDC5797D16A85F /* MomentPin */ = {
			isa = PBXGroup;
			children = (
				BD14FC90FE17F463EA62E25E /* BottlesView.swift */,
				52E90E091F7F4466425C07DD /* CreateView.swift */,
				9CCF6AAEADDFDB417C02C652 /* DetailView.swift */,
				814CD9AB55C3DAE45563798A /* Info.plist */,
				1D6C308D4E9720E14A229A38 /* MeView.swift */,
				EF2D13AE7C229C6E1037568B /* Models.swift */,
				E96AB567EEF36CE46FAAF340 /* MomentPinApp.swift */,
				5E0DFEB6ECCFAC9335A6800A /* MyMomentsView.swift */,
				E24DA9E263BF7D600C8732D4 /* NearbyView.swift */,
				0AAF23E7472D21E56F42CFED /* NotificationsView.swift */,
				26EB767148F82649BF3A4002 /* RootView.swift */,
			);
			path = MomentPin;
			sourceTree = "<group>";
		};
		E9EF86E2C7D530A54775262F = {
			isa = PBXGroup;
			children = (
				B268793957FDC5797D16A85F /* MomentPin */,
				9B2554570EBE1CDE12065318 /* Products */,
			);
			sourceTree = "<group>";
		};
/* End PBXGroup section */

/* Begin PBXNativeTarget section */
		2BFDB352AC9BD78C22E6F762 /* MomentPin */ = {
			isa = PBXNativeTarget;
			buildConfigurationList = 12282B053EE7FEDB505A02F3 /* Build configuration list for PBXNativeTarget "MomentPin" */;
			buildPhases = (
				A61FF32258AE513A8E966F9C /* Sources */,
			);
			buildRules = (
			);
			dependencies = (
			);
			name = MomentPin;
			packageProductDependencies = (
			);
			productName = MomentPin;
			productReference = AC420022E4DFA2FB5213C155 /* MomentPin.app */;
			productType = "com.apple.product-type.application";
		};
/* End PBXNativeTarget section */

/* Begin PBXProject section */
		5F4D0EC7D8873662F95A603C /* Project object */ = {
			isa = PBXProject;
			attributes = {
				BuildIndependentTargetsInParallel = YES;
				LastUpgradeCheck = 1430;
			};
			buildConfigurationList = 14E14964567FD108B33ECDF8 /* Build configuration list for PBXProject "MomentPin" */;
			compatibilityVersion = "Xcode 14.0";
			developmentRegion = en;
			hasScannedForEncodings = 0;
			knownRegions = (
				Base,
				en,
			);
			mainGroup = E9EF86E2C7D530A54775262F;
			minimizedProjectReferenceProxies = 1;
			preferredProjectObjectVersion = 77;
			projectDirPath = "";
			projectRoot = "";
			targets = (
				2BFDB352AC9BD78C22E6F762 /* MomentPin */,
			);
		};
/* End PBXProject section */

/* Begin PBXSourcesBuildPhase section */
		A61FF32258AE513A8E966F9C /* Sources */ = {
			isa = PBXSourcesBuildPhase;
			buildActionMask = 2147483647;
			files = (
				AE8B58007DEA74792D1F50E2 /* BottlesView.swift in Sources */,
				B4FD061B8570AD0ABDC02EB6 /* CreateView.swift in Sources */,
				1CD6D51B11F205EC509E7F0C /* DetailView.swift in Sources */,
				264CD7D30AC25030E8C81C17 /* MeView.swift in Sources */,
				12A524A8A2FE9CD4C81FC360 /* Models.swift in Sources */,
				E6D02370B134142B056402EF /* MomentPinApp.swift in Sources */,
				60511C43485CB3B6B3124900 /* MyMomentsView.swift in Sources */,
				4DB4826205B4D970A6D577E4 /* NearbyView.swift in Sources */,
				0055B785137EDB04F533089D /* NotificationsView.swift in Sources */,
				21B32B3F05F00741ECA3F781 /* RootView.swift in Sources */,
			);
			runOnlyForDeploymentPostprocessing = 0;
		};
/* End PBXSourcesBuildPhase section */

/* Begin XCBuildConfiguration section */
		0249B71CC164C4D13ACE879B /* Debug */ = {
			isa = XCBuildConfiguration;
			buildSettings = {
				ALWAYS_SEARCH_USER_PATHS = NO;
				CLANG_ANALYZER_NONNULL = YES;
				CLANG_ANALYZER_NUMBER_OBJECT_CONVERSION = YES_AGGRESSIVE;
				CLANG_CXX_LANGUAGE_STANDARD = "gnu++14";
				CLANG_CXX_LIBRARY = "libc++";
				CLANG_ENABLE_MODULES = YES;
				CLANG_ENABLE_OBJC_ARC = YES;
				CLANG_ENABLE_OBJC_WEAK = YES;
				CLANG_WARN_BLOCK_CAPTURE_AUTORELEASING = YES;
				CLANG_WARN_BOOL_CONVERSION = YES;
				CLANG_WARN_COMMA = YES;
				CLANG_WARN_CONSTANT_CONVERSION = YES;
				CLANG_WARN_DEPRECATED_OBJC_IMPLEMENTATIONS = YES;
				CLANG_WARN_DIRECT_OBJC_ISA_USAGE = YES_ERROR;
				CLANG_WARN_DOCUMENTATION_COMMENTS = YES;
				CLANG_WARN_EMPTY_BODY = YES;
				CLANG_WARN_ENUM_CONVERSION = YES;
				CLANG_WARN_INFINITE_RECURSION = YES;
				CLANG_WARN_INT_CONVERSION = YES;
				CLANG_WARN_NON_LITERAL_NULL_CONVERSION = YES;
				CLANG_WARN_OBJC_IMPLICIT_RETAIN_SELF = YES;
				CLANG_WARN_OBJC_LITERAL_CONVERSION = YES;
				CLANG_WARN_OBJC_ROOT_CLASS = YES_ERROR;
				CLANG_WARN_QUOTED_INCLUDE_IN_FRAMEWORK_HEADER = YES;
				CLANG_WARN_RANGE_LOOP_ANALYSIS = YES;
				CLANG_WARN_STRICT_PROTOTYPES = YES;
				CLANG_WARN_SUSPICIOUS_MOVE = YES;
				CLANG_WARN_UNGUARDED_AVAILABILITY = YES_AGGRESSIVE;
				CLANG_WARN_UNREACHABLE_CODE = YES;
				CLANG_WARN__DUPLICATE_METHOD_MATCH = YES;
				COPY_PHASE_STRIP = NO;
				DEBUG_INFORMATION_FORMAT = dwarf;
				ENABLE_STRICT_OBJC_MSGSEND = YES;
				ENABLE_TESTABILITY = YES;
				GCC_C_LANGUAGE_STANDARD = gnu11;
				GCC_DYNAMIC_NO_PIC = NO;
				GCC_NO_COMMON_BLOCKS = YES;
				GCC_OPTIMIZATION_LEVEL = 0;
				GCC_PREPROCESSOR_DEFINITIONS = (
					"$(inherited)",
					"DEBUG=1",
				);
				GCC_WARN_64_TO_32_BIT_CONVERSION = YES;
				GCC_WARN_ABOUT_RETURN_TYPE = YES_ERROR;
				GCC_WARN_UNDECLARED_SELECTOR = YES;
				GCC_WARN_UNINITIALIZED_AUTOS = YES_AGGRESSIVE;
				GCC_WARN_UNUSED_FUNCTION = YES;
				GCC_WARN_UNUSED_VARIABLE = YES;
				IPHONEOS_DEPLOYMENT_TARGET = 15.0;
				MTL_ENABLE_DEBUG_INFO = INCLUDE_SOURCE;
				MTL_FAST_MATH = YES;
				ONLY_ACTIVE_ARCH = YES;
				PRODUCT_NAME = "$(TARGET_NAME)";
				SDKROOT = iphoneos;
				SWIFT_ACTIVE_COMPILATION_CONDITIONS = DEBUG;
				SWIFT_OPTIMIZATION_LEVEL = "-Onone";
				SWIFT_VERSION = 5.0;
			};
			name = Debug;
		};
		61C5E8B593B7078BC2932025 /* Debug */ = {
			isa = XCBuildConfiguration;
			buildSettings = {
				ASSETCATALOG_COMPILER_APPICON_NAME = AppIcon;
				CODE_SIGN_IDENTITY = "iPhone Developer";
				INFOPLIST_FILE = MomentPin/Info.plist;
				IPHONEOS_DEPLOYMENT_TARGET = 15.0;
				LD_RUNPATH_SEARCH_PATHS = (
					"$(inherited)",
					"@executable_path/Frameworks",
				);
				PRODUCT_BUNDLE_IDENTIFIER = com.lalaman.MomentPin;
				SDKROOT = iphoneos;
				TARGETED_DEVICE_FAMILY = "1,2";
			};
			name = Debug;
		};
		CA803314EB76839BE84CB4B0 /* Release */ = {
			isa = XCBuildConfiguration;
			buildSettings = {
				ALWAYS_SEARCH_USER_PATHS = NO;
				CLANG_ANALYZER_NONNULL = YES;
				CLANG_ANALYZER_NUMBER_OBJECT_CONVERSION = YES_AGGRESSIVE;
				CLANG_CXX_LANGUAGE_STANDARD = "gnu++14";
				CLANG_CXX_LIBRARY = "libc++";
				CLANG_ENABLE_MODULES = YES;
				CLANG_ENABLE_OBJC_ARC = YES;
				CLANG_ENABLE_OBJC_WEAK = YES;
				CLANG_WARN_BLOCK_CAPTURE_AUTORELEASING = YES;
				CLANG_WARN_BOOL_CONVERSION = YES;
				CLANG_WARN_COMMA = YES;
				CLANG_WARN_CONSTANT_CONVERSION = YES;
				CLANG_WARN_DEPRECATED_OBJC_IMPLEMENTATIONS = YES;
				CLANG_WARN_DIRECT_OBJC_ISA_USAGE = YES_ERROR;
				CLANG_WARN_DOCUMENTATION_COMMENTS = YES;
				CLANG_WARN_EMPTY_BODY = YES;
				CLANG_WARN_ENUM_CONVERSION = YES;
				CLANG_WARN_INFINITE_RECURSION = YES;
				CLANG_WARN_INT_CONVERSION = YES;
				CLANG_WARN_NON_LITERAL_NULL_CONVERSION = YES;
				CLANG_WARN_OBJC_IMPLICIT_RETAIN_SELF = YES;
				CLANG_WARN_OBJC_LITERAL_CONVERSION = YES;
				CLANG_WARN_OBJC_ROOT_CLASS = YES_ERROR;
				CLANG_WARN_QUOTED_INCLUDE_IN_FRAMEWORK_HEADER = YES;
				CLANG_WARN_RANGE_LOOP_ANALYSIS = YES;
				CLANG_WARN_STRICT_PROTOTYPES = YES;
				CLANG_WARN_SUSPICIOUS_MOVE = YES;
				CLANG_WARN_UNGUARDED_AVAILABILITY = YES_AGGRESSIVE;
				CLANG_WARN_UNREACHABLE_CODE = YES;
				CLANG_WARN__DUPLICATE_METHOD_MATCH = YES;
				COPY_PHASE_STRIP = NO;
				DEBUG_INFORMATION_FORMAT = "dwarf-with-dsym";
				ENABLE_NS_ASSERTIONS = NO;
				ENABLE_STRICT_OBJC_MSGSEND = YES;
				GCC_C_LANGUAGE_STANDARD = gnu11;
				GCC_NO_COMMON_BLOCKS = YES;
				GCC_WARN_64_TO_32_BIT_CONVERSION = YES;
				GCC_WARN_ABOUT_RETURN_TYPE = YES_ERROR;
				GCC_WARN_UNDECLARED_SELECTOR = YES;
				GCC_WARN_UNINITIALIZED_AUTOS = YES_AGGRESSIVE;
				GCC_WARN_UNUSED_FUNCTION = YES;
				GCC_WARN_UNUSED_VARIABLE = YES;
				IPHONEOS_DEPLOYMENT_TARGET = 15.0;
				MTL_ENABLE_DEBUG_INFO = NO;
				MTL_FAST_MATH = YES;
				PRODUCT_NAME = "$(TARGET_NAME)";
				SDKROOT = iphoneos;
				SWIFT_COMPILATION_MODE = wholemodule;
				SWIFT_OPTIMIZATION_LEVEL = "-O";
				SWIFT_VERSION = 5.0;
			};
			name = Release;
		};
		D3E365A2DE054455C483A91B /* Release */ = {
			isa = XCBuildConfiguration;
			buildSettings = {
				ASSETCATALOG_COMPILER_APPICON_NAME = AppIcon;
				CODE_SIGN_IDENTITY = "iPhone Developer";
				INFOPLIST_FILE = MomentPin/Info.plist;
				IPHONEOS_DEPLOYMENT_TARGET = 15.0;
				LD_RUNPATH_SEARCH_PATHS = (
					"$(inherited)",
					"@executable_path/Frameworks",
				);
				PRODUCT_BUNDLE_IDENTIFIER = com.lalaman.MomentPin;
				SDKROOT = iphoneos;
				TARGETED_DEVICE_FAMILY = "1,2";
			};
			name = Release;
		};
/* End XCBuildConfiguration section */

/* Begin XCConfigurationList section */
		12282B053EE7FEDB505A02F3 /* Build configuration list for PBXNativeTarget "MomentPin" */ = {
			isa = XCConfigurationList;
			buildConfigurations = (
				61C5E8B593B7078BC2932025 /* Debug */,
				D3E365A2DE054455C483A91B /* Release */,
			);
			defaultConfigurationIsVisible = 0;
			defaultConfigurationName = Debug;
		};
		14E14964567FD108B33ECDF8 /* Build configuration list for PBXProject "MomentPin" */ = {
			isa = XCConfigurationList;
			buildConfigurations = (
				0249B71CC164C4D13ACE879B /* Debug */,
				CA803314EB76839BE84CB4B0 /* Release */,
			);
			defaultConfigurationIsVisible = 0;
			defaultConfigurationName = Debug;
		};
/* End XCConfigurationList section */
	};
	rootObject = 5F4D0EC7D8873662F95A603C /* Project object */;
}
